version = 1
requires-python = ">=3.11"

[[package]]
name = "duckdb"
version = "1.1.2"
source = { registry = "https://pypi.org/simple" }
sdist = { url = "https://files.pythonhosted.org/packages/37/0c/6c6093fba60e5b8ac2abaee9b6a2b379e77419fe6102a36aa383944610fe/duckdb-1.1.2.tar.gz", hash = "sha256:c8232861dc8ec6daa29067056d5a0e5789919f2ab22ab792787616d7cd52f02a", size = 12237077 }
wheels = [
    { url = "https://files.pythonhosted.org/packages/96/23/fe7cc36ac4db1fd3b6433a698096ea14128d8e76b633d68425a062d35ac7/duckdb-1.1.2-cp311-cp311-macosx_12_0_arm64.whl", hash = "sha256:568439ea4fce8cb72ec1f767cd510686a9e7e29a011fc7c56d990059a6e94e48", size = 15467057 },
    { url = "https://files.pythonhosted.org/packages/d2/ca/220fccba2220d62c4d64264cc960fcfde083e71b98721144b889b2aab914/duckdb-1.1.2-cp311-cp311-macosx_12_0_universal2.whl", hash = "sha256:74974f2d7210623a5d61b1fb0cb589c6e5ffcbf7dbb757a04c5ba24adcfc8cac", size = 32308152 },
    { url = "https://files.pythonhosted.org/packages/c0/9a/4a79edab02cd5070b3fe581385c703cd591e26a74c4b0222225aec499d74/duckdb-1.1.2-cp311-cp311-macosx_12_0_x86_64.whl", hash = "sha256:e26422a3358c816d764639070945b73eef55d1b4df990989e3492c85ef725c21", size = 16926668 },
    { url = "https://files.pythonhosted.org/packages/21/98/d785e3a845ee06c2138baaa1699486f31aec467cda5a2e1d57b70a8d185b/duckdb-1.1.2-cp311-cp311-manylinux_2_17_aarch64.manylinux2014_aarch64.whl", hash = "sha256:87e972bd452eeeab197fe39dcaeecdb7c264b1f75a0ee67e532e235fe45b84df", size = 18490749 },
    { url = "https://files.pythonhosted.org/packages/b9/91/f09147562d7d70ea985c632321daaa86746088fa68ca9d3e42cddeed60ef/duckdb-1.1.2-cp311-cp311-manylinux_2_17_x86_64.manylinux2014_x86_64.whl", hash = "sha256:9a6b73e70b73c8df85da383f6e557c03cad5c877868b9a7e41715761e8166c1e", size = 20144525 },
    { url = "https://files.pythonhosted.org/packages/0e/a4/da374d7c8ee777ccb70f751492e0a459123313e4c9784eedc9aea8676dc4/duckdb-1.1.2-cp311-cp311-manylinux_2_24_aarch64.manylinux_2_28_aarch64.whl", hash = "sha256:623cb1952466aae5907af84107bcdec25a5ca021a8b6441e961f41edc724f6f2", size = 18286202 },
    { url = "https://files.pythonhosted.org/packages/67/48/e62a17c7ad31ec6af2fbeb026df8a27c8839883dccbf1d8ea9c8e5c89db3/duckdb-1.1.2-cp311-cp311-musllinux_1_2_x86_64.whl", hash = "sha256:d9fc0b550f96901fa7e76dc70a13f6477ad3e18ef1cb21d414c3a5569de3f27e", size = 21601216 },
    { url = "https://files.pythonhosted.org/packages/03/97/7678626c03317ff3004e066223eef8304adf534e5bf77388c9cd8560f637/duckdb-1.1.2-cp311-cp311-win_amd64.whl", hash = "sha256:181edb1973bd8f493bcb6ecfa035f1a592dff4667758592f300619012ba251c0", size = 10951571 },
    { url = "https://files.pythonhosted.org/packages/8d/c6/946a714a4aa285aeeec74ac827eeb37c9b29102c2c1c27a1a98cb2cc7c9d/duckdb-1.1.2-cp312-cp312-macosx_12_0_arm64.whl", hash = "sha256:83372b1b411086cac01ab2071122772fa66170b1b41ddbc37527464066083668", size = 15471960 },
    { url = "https://files.pythonhosted.org/packages/97/a8/e346d35d51fef06018485386a02ba68e1777bdecca06ea3d1251559af35f/duckdb-1.1.2-cp312-cp312-macosx_12_0_universal2.whl", hash = "sha256:db37441deddfee6ac35a0c742d2f9e90e4e50b9e76d586a060d122b8fc56dada", size = 32343109 },
    { url = "https://files.pythonhosted.org/packages/8c/00/6ec504a8a41d296c0b2cccdde730ff974a9620b275917de3746b31f46866/duckdb-1.1.2-cp312-cp312-macosx_12_0_x86_64.whl", hash = "sha256:19142a77e72874aeaa6fda30aeb13612c6de5e8c60fbcc3392cea6ef0694eeaf", size = 16947327 },
    { url = "https://files.pythonhosted.org/packages/0b/b6/f60be01d29b87d4497dd9eed0e82a89859ac5a772030645a9b2728ab73eb/duckdb-1.1.2-cp312-cp312-manylinux_2_17_aarch64.manylinux2014_aarch64.whl", hash = "sha256:099d99dd48d6e4682a3dd6233ceab73d977ebe1a87afaac54cf77c844e24514a", size = 18485234 },
    { url = "https://files.pythonhosted.org/packages/c2/28/ecc5f8ab0e7b2b00e2b8a3385f0a3d0bcdecdfef44719fcdc32e744ac6f1/duckdb-1.1.2-cp312-cp312-manylinux_2_17_x86_64.manylinux2014_x86_64.whl", hash = "sha256:be86e586ca7af7e807f72479a2b8d0983565360b19dbda4ef8a9d7b3909b8e2c", size = 20141584 },
    { url = "https://files.pythonhosted.org/packages/48/e1/d6e4abbdf20b498f78ddb4e66ef2689318bac4f35a3c71a461e1a22ea3ca/duckdb-1.1.2-cp312-cp312-manylinux_2_24_aarch64.manylinux_2_28_aarch64.whl", hash = "sha256:578e0953e4d8ba8da0cd69fb2930c45f51ce47d213b77d8a4cd461f9c0960b87", size = 18286704 },
    { url = "https://files.pythonhosted.org/packages/7b/ec/4beb866ced0e0db8e998530c0df841881fe7c26e4cc52baf909911852529/duckdb-1.1.2-cp312-cp312-musllinux_1_2_x86_64.whl", hash = "sha256:72b5eb5762c1a5e68849c7143f3b3747a9f15c040e34e41559f233a1569ad16f", size = 21612773 },
    { url = "https://files.pythonhosted.org/packages/19/30/6c1ad1c3db49be118a42565b524b359aabdce2e1ea56138e0252a6f69f7a/duckdb-1.1.2-cp312-cp312-win_amd64.whl", hash = "sha256:9b4c6b6a08180261d98330d97355503961a25ca31cd9ef296e0681f7895b4a2c", size = 10953379 },
    { url = "https://files.pythonhosted.org/packages/11/15/0ea64233ef3a9eb2cf1b276c2dd5f29e80f35f7a903ebc168b4c6a099bbf/duckdb-1.1.2-cp313-cp313-macosx_12_0_arm64.whl", hash = "sha256:695dcbc561374b126e86659709feadf883c9969ed718e94713edd4ba15d16619", size = 15472119 },
    { url = "https://files.pythonhosted.org/packages/4d/2a/aea827229c4d2da5896f46619bc6ad3cf4c8c7e72ffc0c4f68ffc73989e1/duckdb-1.1.2-cp313-cp313-macosx_12_0_universal2.whl", hash = "sha256:ada29be1e889f486c6cf1f6dffd15463e748faf361f33996f2e862779edc24a9", size = 32343664 },
    { url = "https://files.pythonhosted.org/packages/06/b4/ef938871fb90762702f7120b572d16a1f71ab8d1bad5cbd171d9eb8820a5/duckdb-1.1.2-cp313-cp313-macosx_12_0_x86_64.whl", hash = "sha256:6ca722738fa9eb6218619740631de29acfdd132de6f6a6350fee5e291c2f6117", size = 16947866 },
    { url = "https://files.pythonhosted.org/packages/8e/eb/54f4f95fb709c456e2b90c2a68e6c3b55f2b45000c1acd01fe5669f5f23c/duckdb-1.1.2-cp313-cp313-manylinux_2_17_aarch64.manylinux2014_aarch64.whl", hash = "sha256:c796d33f1e5a0c8c570d22da0c0b1db8578687e427029e1ce2c8ce3f9fffa6a3", size = 18486824 },
    { url = "https://files.pythonhosted.org/packages/f1/7b/b5194ec90ff8070fe24721542d78b6293e9087df2cc14fa7552077806f1b/duckdb-1.1.2-cp313-cp313-manylinux_2_17_x86_64.manylinux2014_x86_64.whl", hash = "sha256:f5c0996988a70dd3bc8111d9b9aeab7e38ed1999a52607c5f1b528e362b4dd1c", size = 20142187 },
    { url = "https://files.pythonhosted.org/packages/69/cb/b36b871df43d39ab14941f5936205d15a5d302295daa9dab2c3c7aae3ccc/duckdb-1.1.2-cp313-cp313-manylinux_2_24_aarch64.manylinux_2_28_aarch64.whl", hash = "sha256:6c37b039f6d6fed14d89450f5ccf54922b3304192d7412e12d6cc8d9e757f7a2", size = 18287193 },
    { url = "https://files.pythonhosted.org/packages/e6/26/0d3ad1790c543923027ea20aff987c66049163331d77326d2953a03a3b52/duckdb-1.1.2-cp313-cp313-musllinux_1_2_x86_64.whl", hash = "sha256:e8c766b87f675c76d6d17103bf6fb9fb1a9e2fcb3d9b25c28bbc634bde31223e", size = 21611680 },
    { url = "https://files.pythonhosted.org/packages/c8/2f/b81d855287b8bb44da1454a0d6e154dcd0e40f1c3654d120002cbde31479/duckdb-1.1.2-cp313-cp313-win_amd64.whl", hash = "sha256:e3e6300b7ccaf64b609f4f0780a6e1d25ab8cf34cceed46e62c35b6c4c5cb63b", size = 10953563 },
]

[[package]]
name = "invoke"
version = "2.2.0"
source = { registry = "https://pypi.org/simple" }
sdist = { url = "https://files.pythonhosted.org/packages/f9/42/127e6d792884ab860defc3f4d80a8f9812e48ace584ffc5a346de58cdc6c/invoke-2.2.0.tar.gz", hash = "sha256:ee6cbb101af1a859c7fe84f2a264c059020b0cb7fe3535f9424300ab568f6bd5", size = 299835 }
wheels = [
    { url = "https://files.pythonhosted.org/packages/0a/66/7f8c48009c72d73bc6bbe6eb87ac838d6a526146f7dab14af671121eb379/invoke-2.2.0-py3-none-any.whl", hash = "sha256:6ea924cc53d4f78e3d98bc436b08069a03077e6f85ad1ddaa8a116d7dad15820", size = 160274 },
]

[[package]]
name = "profiling-toolkit"
version = "0.1.0"
source = { virtual = "." }
dependencies = [
    { name = "duckdb" },
    { name = "invoke" },
]

[package.metadata]
requires-dist = [
    { name = "duckdb", specifier = ">=1.1.2" },
    { name = "invoke", specifier = ">=2.2.0" },
]
